
Microsoft Visual Studio Solution File, Format Version 12.00
# Visual Studio Version 17
VisualStudioVersion = 17.0.32126.317
MinimumVisualStudioVersion = 10.0.40219.1
Project("{FAE04EC0-301F-11D3-BF4B-00C04F79EFBC}") = "ConsoleApp1.ExercicioTresListaUm", "ConsoleApp1.ExercicioTresListaUm\ConsoleApp1.ExercicioTresListaUm.csproj", "{A3DF1226-0EF8-4DA0-B2C0-446E4375EB41}"
EndProject
Global
	GlobalSection(SolutionConfigurationPlatforms) = preSolution
		Debug|Any CPU = Debug|Any CPU
		Release|Any CPU = Release|Any CPU
	EndGlobalSection
	GlobalSection(ProjectConfigurationPlatforms) = postSolution
		{A3DF1226-0EF8-4DA0-B2C0-446E4375EB41}.Debug|Any CPU.ActiveCfg = Debug|Any CPU
		{A3DF1226-0EF8-4DA0-B2C0-446E4375EB41}.Debug|Any CPU.Build.0 = Debug|Any CPU
		{A3DF1226-0EF8-4DA0-B2C0-446E4375EB41}.Release|Any CPU.ActiveCfg = Release|Any CPU
		{A3DF1226-0EF8-4DA0-B2C0-446E4375EB41}.Release|Any CPU.Build.0 = Release|Any CPU
	EndGlobalSection
	GlobalSection(SolutionProperties) = preSolution
		HideSolutionNode = FALSE
	EndGlobalSection
	GlobalSection(ExtensibilityGlobals) = postSolution
		SolutionGuid = {5B29ABF6-976D-42FB-BC7D-086C16186458}
	EndGlobalSection
EndGlobal
